
Microsoft Visual Studio Solution File, Format Version 12.00
# Visual Studio Version 16
VisualStudioVersion = 16.0.31702.278
MinimumVisualStudioVersion = 10.0.40219.1
Project("{FAE04EC0-301F-11D3-BF4B-00C04F79EFBC}") = "HttpForProductInsert", "HttpForProductInsert\HttpForProductInsert.csproj", "{379E5F1D-606C-4BF2-8528-55599C709D6E}"
EndProject
Global
	GlobalSection(SolutionConfigurationPlatforms) = preSolution
		Debug|Any CPU = Debug|Any CPU
		Release|Any CPU = Release|Any CPU
	EndGlobalSection
	GlobalSection(ProjectConfigurationPlatforms) = postSolution
		{379E5F1D-606C-4BF2-8528-55599C709D6E}.Debug|Any CPU.ActiveCfg = Debug|Any CPU
		{379E5F1D-606C-4BF2-8528-55599C709D6E}.Debug|Any CPU.Build.0 = Debug|Any CPU
		{379E5F1D-606C-4BF2-8528-55599C709D6E}.Release|Any CPU.ActiveCfg = Release|Any CPU
		{379E5F1D-606C-4BF2-8528-55599C709D6E}.Release|Any CPU.Build.0 = Release|Any CPU
	EndGlobalSection
	GlobalSection(SolutionProperties) = preSolution
		HideSolutionNode = FALSE
	EndGlobalSection
	GlobalSection(ExtensibilityGlobals) = postSolution
		SolutionGuid = {033F1D3E-2EE5-4773-B285-D9613C62A74E}
	EndGlobalSection
EndGlobal
